// !$*UTF8*$!
{
	archiveVersion = 1;
	classes = {
	};
	objectVersion = 46;
	objects = {

/* Begin PBXBuildFile section */
		93000EF51A54B995007020D8 /* GameOverScene.swift in Sources */ = {isa = PBXBuildFile; fileRef = 93000EF41A54B995007020D8 /* GameOverScene.swift */; };
		9333AB351A579ACD004A7CE1 /* Fire.wav in Resources */ = {isa = PBXBuildFile; fileRef = 9333AB331A579ACD004A7CE1 /* Fire.wav */; };
		9333AB361A579ACD004A7CE1 /* JumpSound.wav in Resources */ = {isa = PBXBuildFile; fileRef = 9333AB341A579ACD004A7CE1 /* JumpSound.wav */; };
		9333E47B1A54E2960021B94F /* Jump.swift in Sources */ = {isa = PBXBuildFile; fileRef = 9333E47A1A54E2960021B94F /* Jump.swift */; };
		936408A31A571C3A00E0566A /* images.atlas in Resources */ = {isa = PBXBuildFile; fileRef = 936408A21A571C3A00E0566A /* images.atlas */; };
		936408A51A571F5A00E0566A /* Atlas.swift in Sources */ = {isa = PBXBuildFile; fileRef = 936408A41A571F5A00E0566A /* Atlas.swift */; };
		93858E081A5602FD00181915 /* Bird.swift in Sources */ = {isa = PBXBuildFile; fileRef = 93858E071A5602FD00181915 /* Bird.swift */; };
		9394D2A61A53798700798045 /* Cactus.swift in Sources */ = {isa = PBXBuildFile; fileRef = 9394D2A51A53798700798045 /* Cactus.swift */; };
		9394D2A81A5387CD00798045 /* Sky.swift in Sources */ = {isa = PBXBuildFile; fileRef = 9394D2A71A5387CD00798045 /* Sky.swift */; };
		9394D2AA1A538D1600798045 /* Ground.swift in Sources */ = {isa = PBXBuildFile; fileRef = 9394D2A91A538D1600798045 /* Ground.swift */; };
		93BDBC121A57482E003AC427 /* Bullet.swift in Sources */ = {isa = PBXBuildFile; fileRef = 93BDBC111A57482E003AC427 /* Bullet.swift */; };
		93E14FA41A5275D400C16E42 /* Cowboy.swift in Sources */ = {isa = PBXBuildFile; fileRef = 93E14FA31A5275D400C16E42 /* Cowboy.swift */; };
		B16AF7EE1A4D0973000F6B6A /* GameViewController.swift in Sources */ = {isa = PBXBuildFile; fileRef = B16AF7ED1A4D0973000F6B6A /* GameViewController.swift */; };
		B16AF7F01A4D097C000F6B6A /* Images.xcassets in Resources */ = {isa = PBXBuildFile; fileRef = B16AF7EF1A4D097C000F6B6A /* Images.xcassets */; };
		B1C241E41A4B4E8100D1F670 /* AppDelegate.swift in Sources */ = {isa = PBXBuildFile; fileRef = B1C241E31A4B4E8100D1F670 /* AppDelegate.swift */; };
		B1C241E81A4B4E8100D1F670 /* GameScene.swift in Sources */ = {isa = PBXBuildFile; fileRef = B1C241E71A4B4E8100D1F670 /* GameScene.swift */; };
		B1C241ED1A4B4E8100D1F670 /* Main.storyboard in Resources */ = {isa = PBXBuildFile; fileRef = B1C241EB1A4B4E8100D1F670 /* Main.storyboard */; };
		B1C241F21A4B4E8100D1F670 /* LaunchScreen.xib in Resources */ = {isa = PBXBuildFile; fileRef = B1C241F01A4B4E8100D1F670 /* LaunchScreen.xib */; };
		B1C241FE1A4B4E8100D1F670 /* BasicTests.swift in Sources */ = {isa = PBXBuildFile; fileRef = B1C241FD1A4B4E8100D1F670 /* BasicTests.swift */; };
/* End PBXBuildFile section */

/* Begin PBXContainerItemProxy section */
		B1C241F81A4B4E8100D1F670 /* PBXContainerItemProxy */ = {
			isa = PBXContainerItemProxy;
			containerPortal = B1C241D61A4B4E8100D1F670 /* Project object */;
			proxyType = 1;
			remoteGlobalIDString = B1C241DD1A4B4E8100D1F670;
			remoteInfo = Basic;
		};
/* End PBXContainerItemProxy section */

/* Begin PBXFileReference section */
		93000EF41A54B995007020D8 /* GameOverScene.swift */ = {isa = PBXFileReference; fileEncoding = 4; lastKnownFileType = sourcecode.swift; path = GameOverScene.swift; sourceTree = "<group>"; };
		9333AB331A579ACD004A7CE1 /* Fire.wav */ = {isa = PBXFileReference; lastKnownFileType = audio.wav; path = Fire.wav; sourceTree = "<group>"; };
		9333AB341A579ACD004A7CE1 /* JumpSound.wav */ = {isa = PBXFileReference; lastKnownFileType = audio.wav; path = JumpSound.wav; sourceTree = "<group>"; };
		9333E47A1A54E2960021B94F /* Jump.swift */ = {isa = PBXFileReference; fileEncoding = 4; lastKnownFileType = sourcecode.swift; path = Jump.swift; sourceTree = "<group>"; };
		936408A21A571C3A00E0566A /* images.atlas */ = {isa = PBXFileReference; lastKnownFileType = folder.skatlas; path = images.atlas; sourceTree = "<group>"; };
		936408A41A571F5A00E0566A /* Atlas.swift */ = {isa = PBXFileReference; fileEncoding = 4; lastKnownFileType = sourcecode.swift; path = Atlas.swift; sourceTree = "<group>"; };
		93858E071A5602FD00181915 /* Bird.swift */ = {isa = PBXFileReference; fileEncoding = 4; lastKnownFileType = sourcecode.swift; path = Bird.swift; sourceTree = "<group>"; };
		9394D2A51A53798700798045 /* Cactus.swift */ = {isa = PBXFileReference; fileEncoding = 4; lastKnownFileType = sourcecode.swift; path = Cactus.swift; sourceTree = "<group>"; };
		9394D2A71A5387CD00798045 /* Sky.swift */ = {isa = PBXFileReference; fileEncoding = 4; lastKnownFileType = sourcecode.swift; path = Sky.swift; sourceTree = "<group>"; };
		9394D2A91A538D1600798045 /* Ground.swift */ = {isa = PBXFileReference; fileEncoding = 4; lastKnownFileType = sourcecode.swift; path = Ground.swift; sourceTree = "<group>"; };
		93BDBC111A57482E003AC427 /* Bullet.swift */ = {isa = PBXFileReference; fileEncoding = 4; lastKnownFileType = sourcecode.swift; path = Bullet.swift; sourceTree = "<group>"; };
		93E14FA31A5275D400C16E42 /* Cowboy.swift */ = {isa = PBXFileReference; fileEncoding = 4; lastKnownFileType = sourcecode.swift; path = Cowboy.swift; sourceTree = "<group>"; };
		B16AF7ED1A4D0973000F6B6A /* GameViewController.swift */ = {isa = PBXFileReference; fileEncoding = 4; lastKnownFileType = sourcecode.swift; path = GameViewController.swift; sourceTree = "<group>"; };
		B16AF7EF1A4D097C000F6B6A /* Images.xcassets */ = {isa = PBXFileReference; lastKnownFileType = folder.assetcatalog; path = Images.xcassets; sourceTree = "<group>"; };
		B1C241DE1A4B4E8100D1F670 /* Basic.app */ = {isa = PBXFileReference; explicitFileType = wrapper.application; includeInIndex = 0; path = Basic.app; sourceTree = BUILT_PRODUCTS_DIR; };
		B1C241E21A4B4E8100D1F670 /* Info.plist */ = {isa = PBXFileReference; lastKnownFileType = text.plist.xml; path = Info.plist; sourceTree = "<group>"; };
		B1C241E31A4B4E8100D1F670 /* AppDelegate.swift */ = {isa = PBXFileReference; lastKnownFileType = sourcecode.swift; path = AppDelegate.swift; sourceTree = "<group>"; };
		B1C241E71A4B4E8100D1F670 /* GameScene.swift */ = {isa = PBXFileReference; lastKnownFileType = sourcecode.swift; path = GameScene.swift; sourceTree = "<group>"; };
		B1C241EC1A4B4E8100D1F670 /* Base */ = {isa = PBXFileReference; lastKnownFileType = file.storyboard; name = Base; path = Base.lproj/Main.storyboard; sourceTree = "<group>"; };
		B1C241F11A4B4E8100D1F670 /* Base */ = {isa = PBXFileReference; lastKnownFileType = file.xib; name = Base; path = Base.lproj/LaunchScreen.xib; sourceTree = "<group>"; };
		B1C241F71A4B4E8100D1F670 /* BasicTests.xctest */ = {isa = PBXFileReference; explicitFileType = wrapper.cfbundle; includeInIndex = 0; path = BasicTests.xctest; sourceTree = BUILT_PRODUCTS_DIR; };
		B1C241FC1A4B4E8100D1F670 /* Info.plist */ = {isa = PBXFileReference; lastKnownFileType = text.plist.xml; path = Info.plist; sourceTree = "<group>"; };
		B1C241FD1A4B4E8100D1F670 /* BasicTests.swift */ = {isa = PBXFileReference; lastKnownFileType = sourcecode.swift; path = BasicTests.swift; sourceTree = "<group>"; };
/* End PBXFileReference section */

/* Begin PBXFrameworksBuildPhase section */
		B1C241DB1A4B4E8100D1F670 /* Frameworks */ = {
			isa = PBXFrameworksBuildPhase;
			buildActionMask = 2147483647;
			files = (
			);
			runOnlyForDeploymentPostprocessing = 0;
		};
		B1C241F41A4B4E8100D1F670 /* Frameworks */ = {
			isa = PBXFrameworksBuildPhase;
			buildActionMask = 2147483647;
			files = (
			);
			runOnlyForDeploymentPostprocessing = 0;
		};
/* End PBXFrameworksBuildPhase section */

/* Begin PBXGroup section */
		9333AB321A579ACD004A7CE1 /* Sounds */ = {
			isa = PBXGroup;
			children = (
				9333AB331A579ACD004A7CE1 /* Fire.wav */,
				9333AB341A579ACD004A7CE1 /* JumpSound.wav */,
			);
			path = Sounds;
			sourceTree = "<group>";
		};
		B1C241D51A4B4E8100D1F670 = {
			isa = PBXGroup;
			children = (
				B1C241E01A4B4E8100D1F670 /* Basic */,
				B1C241FA1A4B4E8100D1F670 /* BasicTests */,
				B1C241DF1A4B4E8100D1F670 /* Products */,
			);
			sourceTree = "<group>";
		};
		B1C241DF1A4B4E8100D1F670 /* Products */ = {
			isa = PBXGroup;
			children = (
				B1C241DE1A4B4E8100D1F670 /* Basic.app */,
				B1C241F71A4B4E8100D1F670 /* BasicTests.xctest */,
			);
			name = Products;
			sourceTree = "<group>";
		};
		B1C241E01A4B4E8100D1F670 /* Basic */ = {
			isa = PBXGroup;
			children = (
				936408A41A571F5A00E0566A /* Atlas.swift */,
				B1C241E31A4B4E8100D1F670 /* AppDelegate.swift */,
				93BDBC111A57482E003AC427 /* Bullet.swift */,
				B16AF7ED1A4D0973000F6B6A /* GameViewController.swift */,
				B1C241E71A4B4E8100D1F670 /* GameScene.swift */,
				93000EF41A54B995007020D8 /* GameOverScene.swift */,
				93E14FA31A5275D400C16E42 /* Cowboy.swift */,
				9394D2A51A53798700798045 /* Cactus.swift */,
				93858E071A5602FD00181915 /* Bird.swift */,
				9394D2A71A5387CD00798045 /* Sky.swift */,
				9394D2A91A538D1600798045 /* Ground.swift */,
				9333E47A1A54E2960021B94F /* Jump.swift */,
				B1C241F01A4B4E8100D1F670 /* LaunchScreen.xib */,
				B1C241EB1A4B4E8100D1F670 /* Main.storyboard */,
				9333AB321A579ACD004A7CE1 /* Sounds */,
				936408A21A571C3A00E0566A /* images.atlas */,
				B16AF7EF1A4D097C000F6B6A /* Images.xcassets */,
				B1C241E11A4B4E8100D1F670 /* Supporting Files */,
			);
			path = Basic;
			sourceTree = "<group>";
		};
		B1C241E11A4B4E8100D1F670 /* Supporting Files */ = {
			isa = PBXGroup;
			children = (
				B1C241E21A4B4E8100D1F670 /* Info.plist */,
			);
			name = "Supporting Files";
			sourceTree = "<group>";
		};
		B1C241FA1A4B4E8100D1F670 /* BasicTests */ = {
			isa = PBXGroup;
			children = (
				B1C241FD1A4B4E8100D1F670 /* BasicTests.swift */,
				B1C241FB1A4B4E8100D1F670 /* Supporting Files */,
			);
			path = BasicTests;
			sourceTree = "<group>";
		};
		B1C241FB1A4B4E8100D1F670 /* Supporting Files */ = {
			isa = PBXGroup;
			children = (
				B1C241FC1A4B4E8100D1F670 /* Info.plist */,
			);
			name = "Supporting Files";
			sourceTree = "<group>";
		};
/* End PBXGroup section */

/* Begin PBXNativeTarget section */
		B1C241DD1A4B4E8100D1F670 /* Basic */ = {
			isa = PBXNativeTarget;
			buildConfigurationList = B1C242011A4B4E8100D1F670 /* Build configuration list for PBXNativeTarget "Basic" */;
			buildPhases = (
				B1C241DA1A4B4E8100D1F670 /* Sources */,
				B1C241DB1A4B4E8100D1F670 /* Frameworks */,
				B1C241DC1A4B4E8100D1F670 /* Resources */,
			);
			buildRules = (
			);
			dependencies = (
			);
			name = Basic;
			productName = Basic;
			productReference = B1C241DE1A4B4E8100D1F670 /* Basic.app */;
			productType = "com.apple.product-type.application";
		};
		B1C241F61A4B4E8100D1F670 /* BasicTests */ = {
			isa = PBXNativeTarget;
			buildConfigurationList = B1C242041A4B4E8100D1F670 /* Build configuration list for PBXNativeTarget "BasicTests" */;
			buildPhases = (
				B1C241F31A4B4E8100D1F670 /* Sources */,
				B1C241F41A4B4E8100D1F670 /* Frameworks */,
				B1C241F51A4B4E8100D1F670 /* Resources */,
			);
			buildRules = (
			);
			dependencies = (
				B1C241F91A4B4E8100D1F670 /* PBXTargetDependency */,
			);
			name = BasicTests;
			productName = BasicTests;
			productReference = B1C241F71A4B4E8100D1F670 /* BasicTests.xctest */;
			productType = "com.apple.product-type.bundle.unit-test";
		};
/* End PBXNativeTarget section */

/* Begin PBXProject section */
		B1C241D61A4B4E8100D1F670 /* Project object */ = {
			isa = PBXProject;
			attributes = {
				LastUpgradeCheck = 0610;
				ORGANIZATIONNAME = "Chen Corp";
				TargetAttributes = {
					B1C241DD1A4B4E8100D1F670 = {
						CreatedOnToolsVersion = 6.1.1;
					};
					B1C241F61A4B4E8100D1F670 = {
						CreatedOnToolsVersion = 6.1.1;
						TestTargetID = B1C241DD1A4B4E8100D1F670;
					};
				};
			};
			buildConfigurationList = B1C241D91A4B4E8100D1F670 /* Build configuration list for PBXProject "Basic" */;
			compatibilityVersion = "Xcode 3.2";
			developmentRegion = English;
			hasScannedForEncodings = 0;
			knownRegions = (
				en,
				Base,
			);
			mainGroup = B1C241D51A4B4E8100D1F670;
			productRefGroup = B1C241DF1A4B4E8100D1F670 /* Products */;
			projectDirPath = "";
			projectRoot = "";
			targets = (
				B1C241DD1A4B4E8100D1F670 /* Basic */,
				B1C241F61A4B4E8100D1F670 /* BasicTests */,
			);
		};
/* End PBXProject section */

/* Begin PBXResourcesBuildPhase section */
		B1C241DC1A4B4E8100D1F670 /* Resources */ = {
			isa = PBXResourcesBuildPhase;
			buildActionMask = 2147483647;
			files = (
				B16AF7F01A4D097C000F6B6A /* Images.xcassets in Resources */,
				9333AB351A579ACD004A7CE1 /* Fire.wav in Resources */,
				9333AB361A579ACD004A7CE1 /* JumpSound.wav in Resources */,
				936408A31A571C3A00E0566A /* images.atlas in Resources */,
				B1C241F21A4B4E8100D1F670 /* LaunchScreen.xib in Resources */,
				B1C241ED1A4B4E8100D1F670 /* Main.storyboard in Resources */,
			);
			runOnlyForDeploymentPostprocessing = 0;
		};
		B1C241F51A4B4E8100D1F670 /* Resources */ = {
			isa = PBXResourcesBuildPhase;
			buildActionMask = 2147483647;
			files = (
			);
			runOnlyForDeploymentPostprocessing = 0;
		};
/* End PBXResourcesBuildPhase section */

/* Begin PBXSourcesBuildPhase section */
		B1C241DA1A4B4E8100D1F670 /* Sources */ = {
			isa = PBXSourcesBuildPhase;
			buildActionMask = 2147483647;
			files = (
				B1C241E81A4B4E8100D1F670 /* GameScene.swift in Sources */,
				9394D2A61A53798700798045 /* Cactus.swift in Sources */,
				93000EF51A54B995007020D8 /* GameOverScene.swift in Sources */,
				9333E47B1A54E2960021B94F /* Jump.swift in Sources */,
				9394D2AA1A538D1600798045 /* Ground.swift in Sources */,
				B16AF7EE1A4D0973000F6B6A /* GameViewController.swift in Sources */,
				93858E081A5602FD00181915 /* Bird.swift in Sources */,
				936408A51A571F5A00E0566A /* Atlas.swift in Sources */,
				93E14FA41A5275D400C16E42 /* Cowboy.swift in Sources */,
				B1C241E41A4B4E8100D1F670 /* AppDelegate.swift in Sources */,
				9394D2A81A5387CD00798045 /* Sky.swift in Sources */,
				93BDBC121A57482E003AC427 /* Bullet.swift in Sources */,
			);
			runOnlyForDeploymentPostprocessing = 0;
		};
		B1C241F31A4B4E8100D1F670 /* Sources */ = {
			isa = PBXSourcesBuildPhase;
			buildActionMask = 2147483647;
			files = (
				B1C241FE1A4B4E8100D1F670 /* BasicTests.swift in Sources */,
			);
			runOnlyForDeploymentPostprocessing = 0;
		};
/* End PBXSourcesBuildPhase section */

/* Begin PBXTargetDependency section */
		B1C241F91A4B4E8100D1F670 /* PBXTargetDependency */ = {
			isa = PBXTargetDependency;
			target = B1C241DD1A4B4E8100D1F670 /* Basic */;
			targetProxy = B1C241F81A4B4E8100D1F670 /* PBXContainerItemProxy */;
		};
/* End PBXTargetDependency section */

/* Begin PBXVariantGroup section */
		B1C241EB1A4B4E8100D1F670 /* Main.storyboard */ = {
			isa = PBXVariantGroup;
			children = (
				B1C241EC1A4B4E8100D1F670 /* Base */,
			);
			name = Main.storyboard;
			sourceTree = "<group>";
		};
		B1C241F01A4B4E8100D1F670 /* LaunchScreen.xib */ = {
			isa = PBXVariantGroup;
			children = (
				B1C241F11A4B4E8100D1F670 /* Base */,
			);
			name = LaunchScreen.xib;
			sourceTree = "<group>";
		};
/* End PBXVariantGroup section */

/* Begin XCBuildConfiguration section */
		B1C241FF1A4B4E8100D1F670 /* Debug */ = {
			isa = XCBuildConfiguration;
			buildSettings = {
				ALWAYS_SEARCH_USER_PATHS = NO;
				CLANG_CXX_LANGUAGE_STANDARD = "gnu++0x";
				CLANG_CXX_LIBRARY = "libc++";
				CLANG_ENABLE_MODULES = YES;
				CLANG_ENABLE_OBJC_ARC = YES;
				CLANG_WARN_BOOL_CONVERSION = YES;
				CLANG_WARN_CONSTANT_CONVERSION = YES;
				CLANG_WARN_DIRECT_OBJC_ISA_USAGE = YES_ERROR;
				CLANG_WARN_EMPTY_BODY = YES;
				CLANG_WARN_ENUM_CONVERSION = YES;
				CLANG_WARN_INT_CONVERSION = YES;
				CLANG_WARN_OBJC_ROOT_CLASS = YES_ERROR;
				CLANG_WARN_UNREACHABLE_CODE = YES;
				CLANG_WARN__DUPLICATE_METHOD_MATCH = YES;
				"CODE_SIGN_IDENTITY[sdk=iphoneos*]" = "iPhone Developer";
				COPY_PHASE_STRIP = NO;
				ENABLE_STRICT_OBJC_MSGSEND = YES;
				GCC_C_LANGUAGE_STANDARD = gnu99;
				GCC_DYNAMIC_NO_PIC = NO;
				GCC_OPTIMIZATION_LEVEL = 0;
				GCC_PREPROCESSOR_DEFINITIONS = (
					"DEBUG=1",
					"$(inherited)",
				);
				GCC_SYMBOLS_PRIVATE_EXTERN = NO;
				GCC_WARN_64_TO_32_BIT_CONVERSION = YES;
				GCC_WARN_ABOUT_RETURN_TYPE = YES_ERROR;
				GCC_WARN_UNDECLARED_SELECTOR = YES;
				GCC_WARN_UNINITIALIZED_AUTOS = YES_AGGRESSIVE;
				GCC_WARN_UNUSED_FUNCTION = YES;
				GCC_WARN_UNUSED_VARIABLE = YES;
				IPHONEOS_DEPLOYMENT_TARGET = 8.1;
				MTL_ENABLE_DEBUG_INFO = YES;
				ONLY_ACTIVE_ARCH = YES;
				SDKROOT = iphoneos;
				SWIFT_OPTIMIZATION_LEVEL = "-Onone";
			};
			name = Debug;
		};
		B1C242001A4B4E8100D1F670 /* Release */ = {
			isa = XCBuildConfiguration;
			buildSettings = {
				ALWAYS_SEARCH_USER_PATHS = NO;
				CLANG_CXX_LANGUAGE_STANDARD = "gnu++0x";
				CLANG_CXX_LIBRARY = "libc++";
				CLANG_ENABLE_MODULES = YES;
				CLANG_ENABLE_OBJC_ARC = YES;
				CLANG_WARN_BOOL_CONVERSION = YES;
				CLANG_WARN_CONSTANT_CONVERSION = YES;
				CLANG_WARN_DIRECT_OBJC_ISA_USAGE = YES_ERROR;
				CLANG_WARN_EMPTY_BODY = YES;
				CLANG_WARN_ENUM_CONVERSION = YES;
				CLANG_WARN_INT_CONVERSION = YES;
				CLANG_WARN_OBJC_ROOT_CLASS = YES_ERROR;
				CLANG_WARN_UNREACHABLE_CODE = YES;
				CLANG_WARN__DUPLICATE_METHOD_MATCH = YES;
				"CODE_SIGN_IDENTITY[sdk=iphoneos*]" = "iPhone Developer";
				COPY_PHASE_STRIP = YES;
				ENABLE_NS_ASSERTIONS = NO;
				ENABLE_STRICT_OBJC_MSGSEND = YES;
				GCC_C_LANGUAGE_STANDARD = gnu99;
				GCC_WARN_64_TO_32_BIT_CONVERSION = YES;
				GCC_WARN_ABOUT_RETURN_TYPE = YES_ERROR;
				GCC_WARN_UNDECLARED_SELECTOR = YES;
				GCC_WARN_UNINITIALIZED_AUTOS = YES_AGGRESSIVE;
				GCC_WARN_UNUSED_FUNCTION = YES;
				GCC_WARN_UNUSED_VARIABLE = YES;
				IPHONEOS_DEPLOYMENT_TARGET = 8.1;
				MTL_ENABLE_DEBUG_INFO = NO;
				SDKROOT = iphoneos;
				VALIDATE_PRODUCT = YES;
			};
			name = Release;
		};
		B1C242021A4B4E8100D1F670 /* Debug */ = {
			isa = XCBuildConfiguration;
			buildSettings = {
				ASSETCATALOG_COMPILER_APPICON_NAME = AppIcon;
				INFOPLIST_FILE = Basic/Info.plist;
				LD_RUNPATH_SEARCH_PATHS = "$(inherited) @executable_path/Frameworks";
				PRODUCT_NAME = "$(TARGET_NAME)";
			};
			name = Debug;
		};
		B1C242031A4B4E8100D1F670 /* Release */ = {
			isa = XCBuildConfiguration;
			buildSettings = {
				ASSETCATALOG_COMPILER_APPICON_NAME = AppIcon;
				INFOPLIST_FILE = Basic/Info.plist;
				LD_RUNPATH_SEARCH_PATHS = "$(inherited) @executable_path/Frameworks";
				PRODUCT_NAME = "$(TARGET_NAME)";
			};
			name = Release;
		};
		B1C242051A4B4E8100D1F670 /* Debug */ = {
			isa = XCBuildConfiguration;
			buildSettings = {
				BUNDLE_LOADER = "$(TEST_HOST)";
				FRAMEWORK_SEARCH_PATHS = (
					"$(SDKROOT)/Developer/Library/Frameworks",
					"$(inherited)",
				);
				GCC_PREPROCESSOR_DEFINITIONS = (
					"DEBUG=1",
					"$(inherited)",
				);
				INFOPLIST_FILE = BasicTests/Info.plist;
				LD_RUNPATH_SEARCH_PATHS = "$(inherited) @executable_path/Frameworks @loader_path/Frameworks";
				PRODUCT_NAME = "$(TARGET_NAME)";
				TEST_HOST = "$(BUILT_PRODUCTS_DIR)/Basic.app/Basic";
			};
			name = Debug;
		};
		B1C242061A4B4E8100D1F670 /* Release */ = {
			isa = XCBuildConfiguration;
			buildSettings = {
				BUNDLE_LOADER = "$(TEST_HOST)";
				FRAMEWORK_SEARCH_PATHS = (
					"$(SDKROOT)/Developer/Library/Frameworks",
					"$(inherited)",
				);
				INFOPLIST_FILE = BasicTests/Info.plist;
				LD_RUNPATH_SEARCH_PATHS = "$(inherited) @executable_path/Frameworks @loader_path/Frameworks";
				PRODUCT_NAME = "$(TARGET_NAME)";
				TEST_HOST = "$(BUILT_PRODUCTS_DIR)/Basic.app/Basic";
			};
			name = Release;
		};
/* End XCBuildConfiguration section */

/* Begin XCConfigurationList section */
		B1C241D91A4B4E8100D1F670 /* Build configuration list for PBXProject "Basic" */ = {
			isa = XCConfigurationList;
			buildConfigurations = (
				B1C241FF1A4B4E8100D1F670 /* Debug */,
				B1C242001A4B4E8100D1F670 /* Release */,
			);
			defaultConfigurationIsVisible = 0;
			defaultConfigurationName = Release;
		};
		B1C242011A4B4E8100D1F670 /* Build configuration list for PBXNativeTarget "Basic" */ = {
			isa = XCConfigurationList;
			buildConfigurations = (
				B1C242021A4B4E8100D1F670 /* Debug */,
				B1C242031A4B4E8100D1F670 /* Release */,
			);
			defaultConfigurationIsVisible = 0;
			defaultConfigurationName = Release;
		};
		B1C242041A4B4E8100D1F670 /* Build configuration list for PBXNativeTarget "BasicTests" */ = {
			isa = XCConfigurationList;
			buildConfigurations = (
				B1C242051A4B4E8100D1F670 /* Debug */,
				B1C242061A4B4E8100D1F670 /* Release */,
			);
			defaultConfigurationIsVisible = 0;
			defaultConfigurationName = Release;
		};
/* End XCConfigurationList section */
	};
	rootObject = B1C241D61A4B4E8100D1F670 /* Project object */;
}
